
Microsoft Visual Studio Solution File, Format Version 12.00
# Visual Studio 2015
Project("{FAE04EC0-301F-11D3-BF4B-00C04F79EFBC}") = "Atlus_VR_Test.CSharp", "Atlus_VR_Test.CSharp.csproj", "{7AF1C64B-903A-42BD-2139-6D328DED0A7B}"
EndProject
Project("{FAE04EC0-301F-11D3-BF4B-00C04F79EFBC}") = "Atlus_VR_Test.CSharp.Editor", "Atlus_VR_Test.CSharp.Editor.csproj", "{DC4291F2-8F93-328D-0888-7F7A225AF19E}"
EndProject
Global
	GlobalSection(SolutionConfigurationPlatforms) = preSolution
		Debug|Any CPU = Debug|Any CPU
		Release|Any CPU = Release|Any CPU
	EndGlobalSection
	GlobalSection(ProjectConfigurationPlatforms) = postSolution
		{7AF1C64B-903A-42BD-2139-6D328DED0A7B}.Debug|Any CPU.ActiveCfg = Debug|Any CPU
		{7AF1C64B-903A-42BD-2139-6D328DED0A7B}.Debug|Any CPU.Build.0 = Debug|Any CPU
		{7AF1C64B-903A-42BD-2139-6D328DED0A7B}.Release|Any CPU.ActiveCfg = Release|Any CPU
		{7AF1C64B-903A-42BD-2139-6D328DED0A7B}.Release|Any CPU.Build.0 = Release|Any CPU
		{DC4291F2-8F93-328D-0888-7F7A225AF19E}.Debug|Any CPU.ActiveCfg = Debug|Any CPU
		{DC4291F2-8F93-328D-0888-7F7A225AF19E}.Debug|Any CPU.Build.0 = Debug|Any CPU
		{DC4291F2-8F93-328D-0888-7F7A225AF19E}.Release|Any CPU.ActiveCfg = Release|Any CPU
		{DC4291F2-8F93-328D-0888-7F7A225AF19E}.Release|Any CPU.Build.0 = Release|Any CPU
	EndGlobalSection
	GlobalSection(SolutionProperties) = preSolution
		HideSolutionNode = FALSE
	EndGlobalSection
EndGlobal
