
Microsoft Visual Studio Solution File, Format Version 12.00
# Visual Studio 2015
Project("{FAE04EC0-301F-11D3-BF4B-00C04F79EFBC}") = "GoogleVRTest.CSharp", "GoogleVRTest.CSharp.csproj", "{0B00128C-1B3F-6ED7-F0C1-74E7A6A102D5}"
EndProject
Project("{FAE04EC0-301F-11D3-BF4B-00C04F79EFBC}") = "GoogleVRTest.CSharp.Editor", "GoogleVRTest.CSharp.Editor.csproj", "{68F14F9F-226F-4999-03D5-99229104EEAE}"
EndProject
Global
	GlobalSection(SolutionConfigurationPlatforms) = preSolution
		Debug|Any CPU = Debug|Any CPU
		Release|Any CPU = Release|Any CPU
	EndGlobalSection
	GlobalSection(ProjectConfigurationPlatforms) = postSolution
		{0B00128C-1B3F-6ED7-F0C1-74E7A6A102D5}.Debug|Any CPU.ActiveCfg = Debug|Any CPU
		{0B00128C-1B3F-6ED7-F0C1-74E7A6A102D5}.Debug|Any CPU.Build.0 = Debug|Any CPU
		{0B00128C-1B3F-6ED7-F0C1-74E7A6A102D5}.Release|Any CPU.ActiveCfg = Release|Any CPU
		{0B00128C-1B3F-6ED7-F0C1-74E7A6A102D5}.Release|Any CPU.Build.0 = Release|Any CPU
		{68F14F9F-226F-4999-03D5-99229104EEAE}.Debug|Any CPU.ActiveCfg = Debug|Any CPU
		{68F14F9F-226F-4999-03D5-99229104EEAE}.Debug|Any CPU.Build.0 = Debug|Any CPU
		{68F14F9F-226F-4999-03D5-99229104EEAE}.Release|Any CPU.ActiveCfg = Release|Any CPU
		{68F14F9F-226F-4999-03D5-99229104EEAE}.Release|Any CPU.Build.0 = Release|Any CPU
	EndGlobalSection
	GlobalSection(SolutionProperties) = preSolution
		HideSolutionNode = FALSE
	EndGlobalSection
EndGlobal
